{
  "nodes": {
    "deadnix": {
      "inputs": {
        "fenix": "fenix",
        "naersk": "naersk",
        "nixpkgs": "nixpkgs_3",
        "utils": "utils"
      },
      "locked": {
        "lastModified": 1645308827,
        "narHash": "sha256-ZIUHhhZt7eTZNJNK9aFBc8ZUOTiWoBWpIxooYmyhe9U=",
        "owner": "astro",
        "repo": "deadnix",
        "rev": "26ccefc0f1b0ccf96c73652aa78bbbeb2b7d4c02",
        "type": "github"
      },
      "original": {
        "owner": "astro",
        "repo": "deadnix",
        "type": "github"
      }
    },
    "deadnix_2": {
      "flake": false,
      "locked": {
        "lastModified": 1650925391,
        "narHash": "sha256-HuJbkcUrZudvh+RhgaOWekrae5+1dRkVCPHbdcew/6U=",
        "owner": "astro",
        "repo": "deadnix",
        "rev": "af151f263ff24173c737970fd9b487096f88396b",
        "type": "github"
      },
      "original": {
        "owner": "astro",
        "repo": "deadnix",
        "type": "github"
      }
    },
    "doc-gen": {
      "inputs": {
        "deadnix": "deadnix_2",
        "get-flake": "get-flake",
        "make-shell": "make-shell",
        "nix-css": "nix-css",
        "nix-html": "nix-html",
        "nixpkgs": "nixpkgs_4",
        "string-parsers": "string-parsers",
        "utils": "utils_2"
      },
      "locked": {
        "lastModified": 1655163116,
        "narHash": "sha256-vCwsBW1/Sl6eU8a/TyugeK3mKU/dcjgJEnCzqyFJWxQ=",
        "ref": "refs/heads/master",
        "rev": "39ffb9d4b4a486557d69d5b72eb7a7b782832096",
        "revCount": 23,
        "type": "git",
        "url": "ssh://git@git.ts.platonic.systems/mason.mackaman/nix-doc-gen.git"
      },
      "original": {
        "type": "git",
        "url": "ssh://git@git.ts.platonic.systems/mason.mackaman/nix-doc-gen.git"
      }
    },
    "fenix": {
      "inputs": {
        "nixpkgs": "nixpkgs",
        "rust-analyzer-src": "rust-analyzer-src"
      },
      "locked": {
        "lastModified": 1645251813,
        "narHash": "sha256-cQ66tGjnZclBCS3nD26mZ5fUH+3/HnysGffBiWXUSHk=",
        "owner": "nix-community",
        "repo": "fenix",
        "rev": "9892337b588c38ec59466a1c89befce464aae7f8",
        "type": "github"
      },
      "original": {
        "owner": "nix-community",
        "repo": "fenix",
        "type": "github"
      }
    },
    "flake-utils": {
      "locked": {
        "lastModified": 1618217525,
        "narHash": "sha256-WGrhVczjXTiswQaoxQ+0PTfbLNeOQM6M36zvLn78AYg=",
        "owner": "numtide",
        "repo": "flake-utils",
        "rev": "c6169a2772643c4a93a0b5ac1c61e296cba68544",
        "type": "github"
      },
      "original": {
        "owner": "numtide",
        "repo": "flake-utils",
        "type": "github"
      }
    },
    "flake-utils_2": {
      "locked": {
        "lastModified": 1618217525,
        "narHash": "sha256-WGrhVczjXTiswQaoxQ+0PTfbLNeOQM6M36zvLn78AYg=",
        "owner": "numtide",
        "repo": "flake-utils",
        "rev": "c6169a2772643c4a93a0b5ac1c61e296cba68544",
        "type": "github"
      },
      "original": {
        "owner": "numtide",
        "repo": "flake-utils",
        "type": "github"
      }
    },
    "get-flake": {
      "locked": {
        "lastModified": 1644686428,
        "narHash": "sha256-zkhYsURWFrvEZLkIoBeqFBzSu+cA2u5mo6M8vq9LN7M=",
        "owner": "ursi",
        "repo": "get-flake",
        "rev": "703f15558daa56dfae19d1858bb3046afe68831a",
        "type": "github"
      },
      "original": {
        "owner": "ursi",
        "repo": "get-flake",
        "type": "github"
      }
    },
    "make-shell": {
      "locked": {
        "lastModified": 1634940815,
        "narHash": "sha256-P69OmveboXzS+es1vQGS4bt+ckwbeIExqxfGLjGuJqA=",
        "owner": "ursi",
        "repo": "nix-make-shell",
        "rev": "8add91681170924e4d0591b22f294aee3f5516f9",
        "type": "github"
      },
      "original": {
        "owner": "ursi",
        "ref": "1",
        "repo": "nix-make-shell",
        "type": "github"
      }
    },
    "make-shell_2": {
      "locked": {
        "lastModified": 1634940815,
        "narHash": "sha256-P69OmveboXzS+es1vQGS4bt+ckwbeIExqxfGLjGuJqA=",
        "owner": "ursi",
        "repo": "nix-make-shell",
        "rev": "8add91681170924e4d0591b22f294aee3f5516f9",
        "type": "github"
      },
      "original": {
        "owner": "ursi",
        "ref": "1",
        "repo": "nix-make-shell",
        "type": "github"
      }
    },
    "naersk": {
      "inputs": {
        "nixpkgs": "nixpkgs_2"
      },
      "locked": {
        "lastModified": 1639947939,
        "narHash": "sha256-pGsM8haJadVP80GFq4xhnSpNitYNQpaXk4cnA796Cso=",
        "owner": "nix-community",
        "repo": "naersk",
        "rev": "2fc8ce9d3c025d59fee349c1f80be9785049d653",
        "type": "github"
      },
      "original": {
        "owner": "nix-community",
        "repo": "naersk",
        "type": "github"
      }
    },
    "nix-css": {
      "flake": false,
      "locked": {
        "lastModified": 1651631787,
        "narHash": "sha256-ppyAtkCs4USaoA+NbXcC9cKPgMssR5BzrvNLquV+sSY=",
        "owner": "ursi",
        "repo": "nix-css",
        "rev": "3a9237c770bc608b556ab3a0b44c69e1501648ea",
        "type": "github"
      },
      "original": {
        "owner": "ursi",
        "repo": "nix-css",
        "type": "github"
      }
    },
    "nix-html": {
      "flake": false,
      "locked": {
        "lastModified": 1652070376,
        "narHash": "sha256-AKcx9cN0DvXwBRzPhZkHc8FZLRbk9CaZajBxYveT+w4=",
        "owner": "ursi",
        "repo": "nix-html",
        "rev": "c7159bcf7ea828db8a2b23142bef47293727b03e",
        "type": "github"
      },
      "original": {
        "owner": "ursi",
        "repo": "nix-html",
        "type": "github"
      }
    },
    "nixpkgs": {
      "locked": {
        "lastModified": 1644525281,
        "narHash": "sha256-D3VuWLdnLmAXIkooWAtbTGSQI9Fc1lkvAr94wTxhnTU=",
        "owner": "nixos",
        "repo": "nixpkgs",
        "rev": "48d63e924a2666baf37f4f14a18f19347fbd54a2",
        "type": "github"
      },
      "original": {
        "owner": "nixos",
        "ref": "nixos-unstable",
        "repo": "nixpkgs",
        "type": "github"
      }
    },
    "nixpkgs_2": {
      "locked": {
        "lastModified": 1645013224,
        "narHash": "sha256-b7OEC8vwzJv3rsz9pwnTX2LQDkeOWz2DbKypkVvNHXc=",
        "owner": "NixOS",
        "repo": "nixpkgs",
        "rev": "b66b39216b1fef2d8c33cc7a5c72d8da80b79970",
        "type": "github"
      },
      "original": {
        "id": "nixpkgs",
        "type": "indirect"
      }
    },
    "nixpkgs_3": {
      "locked": {
        "lastModified": 1645013224,
        "narHash": "sha256-b7OEC8vwzJv3rsz9pwnTX2LQDkeOWz2DbKypkVvNHXc=",
        "owner": "NixOS",
        "repo": "nixpkgs",
        "rev": "b66b39216b1fef2d8c33cc7a5c72d8da80b79970",
        "type": "github"
      },
      "original": {
        "id": "nixpkgs",
        "type": "indirect"
      }
    },
    "nixpkgs_4": {
      "locked": {
        "lastModified": 1650647760,
        "narHash": "sha256-Ng8CGYLSTxeI+oEux0x+tSRA6K7ydoyfJNQf56ld+Uo=",
        "owner": "NixOS",
        "repo": "nixpkgs",
        "rev": "b80f570a92d04e8ace67ff09c34aa48708a5c88c",
        "type": "github"
      },
      "original": {
        "owner": "NixOS",
        "ref": "nixpkgs-unstable",
        "repo": "nixpkgs",
        "type": "github"
      }
    },
    "nixpkgs_5": {
      "locked": {
        "lastModified": 1644486793,
        "narHash": "sha256-EeijR4guVHgVv+JpOX3cQO+1XdrkJfGmiJ9XVsVU530=",
        "owner": "NixOS",
        "repo": "nixpkgs",
        "rev": "1882c6b7368fd284ad01b0a5b5601ef136321292",
        "type": "github"
      },
      "original": {
        "owner": "NixOS",
        "ref": "nixpkgs-unstable",
        "repo": "nixpkgs",
        "type": "github"
      }
    },
    "root": {
      "inputs": {
        "deadnix": "deadnix",
        "doc-gen": "doc-gen",
        "make-shell": "make-shell_2",
        "nixpkgs": "nixpkgs_5",
        "utils": "utils_3"
      }
    },
    "rust-analyzer-src": {
      "flake": false,
      "locked": {
        "lastModified": 1645205556,
        "narHash": "sha256-e4lZW3qRyOEJ+vLKFQP7m2Dxh5P44NrnekZYLxlucww=",
        "owner": "rust-analyzer",
        "repo": "rust-analyzer",
        "rev": "acf5874b39f3dc5262317a6074d9fc7285081161",
        "type": "github"
      },
      "original": {
        "owner": "rust-analyzer",
        "ref": "nightly",
        "repo": "rust-analyzer",
        "type": "github"
      }
    },
    "string-parsers": {
      "locked": {
        "lastModified": 1650903133,
        "narHash": "sha256-OyFFRhngwUQVefjp8+clHkFxBwMLg0GD59oeHO9WLH4=",
        "owner": "ursi",
        "repo": "nix-string-parsers",
        "rev": "0e41bb085d66ef2972a01cb19d0370c8de2e1349",
        "type": "github"
      },
      "original": {
        "owner": "ursi",
        "repo": "nix-string-parsers",
        "type": "github"
      }
    },
    "utils": {
      "locked": {
        "lastModified": 1644229661,
        "narHash": "sha256-1YdnJAsNy69bpcjuoKdOYQX0YxZBiCYZo4Twxerqv7k=",
        "owner": "numtide",
        "repo": "flake-utils",
        "rev": "3cecb5b042f7f209c56ffd8371b2711a290ec797",
        "type": "github"
      },
      "original": {
        "owner": "numtide",
        "repo": "flake-utils",
        "type": "github"
      }
    },
    "utils_2": {
      "inputs": {
        "flake-utils": "flake-utils"
      },
      "locked": {
        "lastModified": 1645208388,
        "narHash": "sha256-SBCbpqHZ6V02QFHH3y9m3Wl3yxsFTK32oYbp8InADrs=",
        "owner": "ursi",
        "repo": "flake-utils",
        "rev": "3696bb22c41360e33d88dda9ac90ea68554e993f",
        "type": "github"
      },
      "original": {
        "owner": "ursi",
        "ref": "8",
        "repo": "flake-utils",
        "type": "github"
      }
    },
    "utils_3": {
      "inputs": {
        "flake-utils": "flake-utils_2"
      },
      "locked": {
        "lastModified": 1644029741,
        "narHash": "sha256-Kfip3zjNQ/40xJWH296MDEFKBBPnEPupjUvjdqhKNYg=",
        "owner": "ursi",
        "repo": "flake-utils",
        "rev": "6102802ae96c56af1d2d9fc297029f515f49e332",
        "type": "github"
      },
      "original": {
        "owner": "ursi",
        "ref": "8",
        "repo": "flake-utils",
        "type": "github"
      }
    }
  },
  "root": "root",
  "version": 7
}
